{
    "_readme": [
        "This file is locked, do not edit it.",
        "Read more about it at https://getcomposer.org/doc/01-basic-usage.md#installing-dependencies"
    ],
    "content-hash": "b2c3d4e5f6b2c3d4e5f6b2c3d4e5f6b2",
    "packages": [
        {
            "name": "myvendor/private-typo3-ext",
            "version": "1.5.2",
            "source": {
                "type": "git",
                "url": "https://gitlab.com/myvendor/private-typo3-ext.git",
                "reference": "c3d4e5f6a1b2c3d4e5f6a1b2c3d4e5f6a1b2c3d4"
            },
            "dist": {
                "type": "zip",
                "url": "https://gitlab.com/myvendor/private-typo3-ext/-/archive/1.5.2/private-typo3-ext-1.5.2.zip",
                "reference": "c3d4e5f6a1b2c3d4e5f6a1b2c3d4e5f6a1b2c3d4"
            },
            "type": "typo3-cms-extension"
        }
    ],
    "packages-dev": [],
    "aliases": [],
    "minimum-stability": "stable",
    "stability-flags": {},
    "prefer-stable": true,
    "prefer-lowest": false,
    "platform": {},
    "platform-dev": {}
}
